
Microsoft Visual Studio Solution File, Format Version 12.00
# Visual Studio Version 17
VisualStudioVersion = 17.2.32630.192
MinimumVisualStudioVersion = 10.0.40219.1
Project("{FAE04EC0-301F-11D3-BF4B-00C04F79EFBC}") = "Calculator", "Calculator\Calculator.csproj", "{9E10A8D8-7753-49B9-860A-F0C281E7A514}"
EndProject
Project("{FAE04EC0-301F-11D3-BF4B-00C04F79EFBC}") = "Windows Learn", "Windows Learn\Windows Learn.csproj", "{916F1F05-98D0-4978-B174-6F3E34F77CC4}"
EndProject
Global
	GlobalSection(SolutionConfigurationPlatforms) = preSolution
		Debug|Any CPU = Debug|Any CPU
		Release|Any CPU = Release|Any CPU
	EndGlobalSection
	GlobalSection(ProjectConfigurationPlatforms) = postSolution
		{9E10A8D8-7753-49B9-860A-F0C281E7A514}.Debug|Any CPU.ActiveCfg = Debug|Any CPU
		{9E10A8D8-7753-49B9-860A-F0C281E7A514}.Debug|Any CPU.Build.0 = Debug|Any CPU
		{9E10A8D8-7753-49B9-860A-F0C281E7A514}.Release|Any CPU.ActiveCfg = Release|Any CPU
		{9E10A8D8-7753-49B9-860A-F0C281E7A514}.Release|Any CPU.Build.0 = Release|Any CPU
		{916F1F05-98D0-4978-B174-6F3E34F77CC4}.Debug|Any CPU.ActiveCfg = Debug|Any CPU
		{916F1F05-98D0-4978-B174-6F3E34F77CC4}.Debug|Any CPU.Build.0 = Debug|Any CPU
		{916F1F05-98D0-4978-B174-6F3E34F77CC4}.Release|Any CPU.ActiveCfg = Release|Any CPU
		{916F1F05-98D0-4978-B174-6F3E34F77CC4}.Release|Any CPU.Build.0 = Release|Any CPU
	EndGlobalSection
	GlobalSection(SolutionProperties) = preSolution
		HideSolutionNode = FALSE
	EndGlobalSection
	GlobalSection(ExtensibilityGlobals) = postSolution
		SolutionGuid = {F9A94383-9CDE-4F3B-844E-B3AF6B602B17}
	EndGlobalSection
EndGlobal
